Microsoft Visual Studio Solution File, Format Version 7.00
Project("{FAE04EC0-301F-11D3-BF4B-00C04F79EFBC}") = "controlTipApp", "controlTipApp.csproj", "{5F42D7B8-086A-4C69-BF5F-7545241D2AC0}"
EndProject
Global
	GlobalSection(SolutionConfiguration) = preSolution
		ConfigName.0 = Debug
		ConfigName.1 = Release
	EndGlobalSection
	GlobalSection(ProjectDependencies) = postSolution
	EndGlobalSection
	GlobalSection(ProjectConfiguration) = postSolution
		{5F42D7B8-086A-4C69-BF5F-7545241D2AC0}.Debug.ActiveCfg = Debug|.NET
		{5F42D7B8-086A-4C69-BF5F-7545241D2AC0}.Debug.Build.0 = Debug|.NET
		{5F42D7B8-086A-4C69-BF5F-7545241D2AC0}.Release.ActiveCfg = Release|.NET
		{5F42D7B8-086A-4C69-BF5F-7545241D2AC0}.Release.Build.0 = Release|.NET
	EndGlobalSection
	GlobalSection(ExtensibilityGlobals) = postSolution
	EndGlobalSection
	GlobalSection(ExtensibilityAddIns) = postSolution
	EndGlobalSection
EndGlobal
